
Microsoft Visual Studio Solution File, Format Version 12.00
# Visual Studio 2012
Project("{FAE04EC0-301F-11D3-BF4B-00C04F79EFBC}") = "Movie MVC3", "Movie MVC3\Movie MVC3.csproj", "{FFEB517B-7CBB-423D-B5B7-026E155B2CC5}"
EndProject
Project("{FAE04EC0-301F-11D3-BF4B-00C04F79EFBC}") = "Movie MVC3.Tests", "Movie MVC3.Tests\Movie MVC3.Tests.csproj", "{FEC4EC1E-59B5-417F-BF2E-D0D734BA84EF}"
EndProject
Global
	GlobalSection(SolutionConfigurationPlatforms) = preSolution
		Debug|Any CPU = Debug|Any CPU
		Release|Any CPU = Release|Any CPU
	EndGlobalSection
	GlobalSection(ProjectConfigurationPlatforms) = postSolution
		{FFEB517B-7CBB-423D-B5B7-026E155B2CC5}.Debug|Any CPU.ActiveCfg = Debug|Any CPU
		{FFEB517B-7CBB-423D-B5B7-026E155B2CC5}.Debug|Any CPU.Build.0 = Debug|Any CPU
		{FFEB517B-7CBB-423D-B5B7-026E155B2CC5}.Release|Any CPU.ActiveCfg = Release|Any CPU
		{FFEB517B-7CBB-423D-B5B7-026E155B2CC5}.Release|Any CPU.Build.0 = Release|Any CPU
		{FEC4EC1E-59B5-417F-BF2E-D0D734BA84EF}.Debug|Any CPU.ActiveCfg = Debug|Any CPU
		{FEC4EC1E-59B5-417F-BF2E-D0D734BA84EF}.Debug|Any CPU.Build.0 = Debug|Any CPU
		{FEC4EC1E-59B5-417F-BF2E-D0D734BA84EF}.Release|Any CPU.ActiveCfg = Release|Any CPU
		{FEC4EC1E-59B5-417F-BF2E-D0D734BA84EF}.Release|Any CPU.Build.0 = Release|Any CPU
	EndGlobalSection
	GlobalSection(SolutionProperties) = preSolution
		HideSolutionNode = FALSE
	EndGlobalSection
EndGlobal
